// !$*UTF8*$!
{
	archiveVersion = 1;
	classes = {
	};
	objectVersion = 50;
	objects = {

/* Begin PBXBuildFile section */
		C5C865B725F8CBF700757206 /* AppDelegate.swift in Sources */ = {isa = PBXBuildFile; fileRef = C5C865B625F8CBF700757206 /* AppDelegate.swift */; };
		C5C865B925F8CBF700757206 /* SceneDelegate.swift in Sources */ = {isa = PBXBuildFile; fileRef = C5C865B825F8CBF700757206 /* SceneDelegate.swift */; };
		C5C865BB25F8CBF700757206 /* ViewController.swift in Sources */ = {isa = PBXBuildFile; fileRef = C5C865BA25F8CBF700757206 /* ViewController.swift */; };
		C5C865BE25F8CBF700757206 /* Main.storyboard in Resources */ = {isa = PBXBuildFile; fileRef = C5C865BC25F8CBF700757206 /* Main.storyboard */; };
		C5C865C025F8CBF700757206 /* Assets.xcassets in Resources */ = {isa = PBXBuildFile; fileRef = C5C865BF25F8CBF700757206 /* Assets.xcassets */; };
		C5C865C325F8CBF700757206 /* LaunchScreen.storyboard in Resources */ = {isa = PBXBuildFile; fileRef = C5C865C125F8CBF700757206 /* LaunchScreen.storyboard */; };
		C5C865CE25F8CBF700757206 /* MobilkaTests.swift in Sources */ = {isa = PBXBuildFile; fileRef = C5C865CD25F8CBF700757206 /* MobilkaTests.swift */; };
		C5C865D925F8CBF700757206 /* MobilkaUITests.swift in Sources */ = {isa = PBXBuildFile; fileRef = C5C865D825F8CBF700757206 /* MobilkaUITests.swift */; };
/* End PBXBuildFile section */

/* Begin PBXContainerItemProxy section */
		C5C865CA25F8CBF700757206 /* PBXContainerItemProxy */ = {
			isa = PBXContainerItemProxy;
			containerPortal = C5C865AB25F8CBF700757206 /* Project object */;
			proxyType = 1;
			remoteGlobalIDString = C5C865B225F8CBF700757206;
			remoteInfo = Mobilka;
		};
		C5C865D525F8CBF700757206 /* PBXContainerItemProxy */ = {
			isa = PBXContainerItemProxy;
			containerPortal = C5C865AB25F8CBF700757206 /* Project object */;
			proxyType = 1;
			remoteGlobalIDString = C5C865B225F8CBF700757206;
			remoteInfo = Mobilka;
		};
/* End PBXContainerItemProxy section */

/* Begin PBXFileReference section */
		C5C865B325F8CBF700757206 /* Mobilka.app */ = {isa = PBXFileReference; explicitFileType = wrapper.application; includeInIndex = 0; path = Mobilka.app; sourceTree = BUILT_PRODUCTS_DIR; };
		C5C865B625F8CBF700757206 /* AppDelegate.swift */ = {isa = PBXFileReference; lastKnownFileType = sourcecode.swift; path = AppDelegate.swift; sourceTree = "<group>"; };
		C5C865B825F8CBF700757206 /* SceneDelegate.swift */ = {isa = PBXFileReference; lastKnownFileType = sourcecode.swift; path = SceneDelegate.swift; sourceTree = "<group>"; };
		C5C865BA25F8CBF700757206 /* ViewController.swift */ = {isa = PBXFileReference; lastKnownFileType = sourcecode.swift; path = ViewController.swift; sourceTree = "<group>"; };
		C5C865BD25F8CBF700757206 /* Base */ = {isa = PBXFileReference; lastKnownFileType = file.storyboard; name = Base; path = Base.lproj/Main.storyboard; sourceTree = "<group>"; };
		C5C865BF25F8CBF700757206 /* Assets.xcassets */ = {isa = PBXFileReference; lastKnownFileType = folder.assetcatalog; path = Assets.xcassets; sourceTree = "<group>"; };
		C5C865C225F8CBF700757206 /* Base */ = {isa = PBXFileReference; lastKnownFileType = file.storyboard; name = Base; path = Base.lproj/LaunchScreen.storyboard; sourceTree = "<group>"; };
		C5C865C425F8CBF700757206 /* Info.plist */ = {isa = PBXFileReference; lastKnownFileType = text.plist.xml; path = Info.plist; sourceTree = "<group>"; };
		C5C865C925F8CBF700757206 /* MobilkaTests.xctest */ = {isa = PBXFileReference; explicitFileType = wrapper.cfbundle; includeInIndex = 0; path = MobilkaTests.xctest; sourceTree = BUILT_PRODUCTS_DIR; };
		C5C865CD25F8CBF700757206 /* MobilkaTests.swift */ = {isa = PBXFileReference; lastKnownFileType = sourcecode.swift; path = MobilkaTests.swift; sourceTree = "<group>"; };
		C5C865CF25F8CBF700757206 /* Info.plist */ = {isa = PBXFileReference; lastKnownFileType = text.plist.xml; path = Info.plist; sourceTree = "<group>"; };
		C5C865D425F8CBF700757206 /* MobilkaUITests.xctest */ = {isa = PBXFileReference; explicitFileType = wrapper.cfbundle; includeInIndex = 0; path = MobilkaUITests.xctest; sourceTree = BUILT_PRODUCTS_DIR; };
		C5C865D825F8CBF700757206 /* MobilkaUITests.swift */ = {isa = PBXFileReference; lastKnownFileType = sourcecode.swift; path = MobilkaUITests.swift; sourceTree = "<group>"; };
		C5C865DA25F8CBF700757206 /* Info.plist */ = {isa = PBXFileReference; lastKnownFileType = text.plist.xml; path = Info.plist; sourceTree = "<group>"; };
/* End PBXFileReference section */

/* Begin PBXFrameworksBuildPhase section */
		C5C865B025F8CBF700757206 /* Frameworks */ = {
			isa = PBXFrameworksBuildPhase;
			buildActionMask = 2147483647;
			files = (
			);
			runOnlyForDeploymentPostprocessing = 0;
		};
		C5C865C625F8CBF700757206 /* Frameworks */ = {
			isa = PBXFrameworksBuildPhase;
			buildActionMask = 2147483647;
			files = (
			);
			runOnlyForDeploymentPostprocessing = 0;
		};
		C5C865D125F8CBF700757206 /* Frameworks */ = {
			isa = PBXFrameworksBuildPhase;
			buildActionMask = 2147483647;
			files = (
			);
			runOnlyForDeploymentPostprocessing = 0;
		};
/* End PBXFrameworksBuildPhase section */

/* Begin PBXGroup section */
		C5C865AA25F8CBF700757206 = {
			isa = PBXGroup;
			children = (
				C5C865B525F8CBF700757206 /* Mobilka */,
				C5C865CC25F8CBF700757206 /* MobilkaTests */,
				C5C865D725F8CBF700757206 /* MobilkaUITests */,
				C5C865B425F8CBF700757206 /* Products */,
			);
			sourceTree = "<group>";
		};
		C5C865B425F8CBF700757206 /* Products */ = {
			isa = PBXGroup;
			children = (
				C5C865B325F8CBF700757206 /* Mobilka.app */,
				C5C865C925F8CBF700757206 /* MobilkaTests.xctest */,
				C5C865D425F8CBF700757206 /* MobilkaUITests.xctest */,
			);
			name = Products;
			sourceTree = "<group>";
		};
		C5C865B525F8CBF700757206 /* Mobilka */ = {
			isa = PBXGroup;
			children = (
				C5C865B625F8CBF700757206 /* AppDelegate.swift */,
				C5C865B825F8CBF700757206 /* SceneDelegate.swift */,
				C5C865BA25F8CBF700757206 /* ViewController.swift */,
				C5C865BC25F8CBF700757206 /* Main.storyboard */,
				C5C865BF25F8CBF700757206 /* Assets.xcassets */,
				C5C865C125F8CBF700757206 /* LaunchScreen.storyboard */,
				C5C865C425F8CBF700757206 /* Info.plist */,
			);
			path = Mobilka;
			sourceTree = "<group>";
		};
		C5C865CC25F8CBF700757206 /* MobilkaTests */ = {
			isa = PBXGroup;
			children = (
				C5C865CD25F8CBF700757206 /* MobilkaTests.swift */,
				C5C865CF25F8CBF700757206 /* Info.plist */,
			);
			path = MobilkaTests;
			sourceTree = "<group>";
		};
		C5C865D725F8CBF700757206 /* MobilkaUITests */ = {
			isa = PBXGroup;
			children = (
				C5C865D825F8CBF700757206 /* MobilkaUITests.swift */,
				C5C865DA25F8CBF700757206 /* Info.plist */,
			);
			path = MobilkaUITests;
			sourceTree = "<group>";
		};
/* End PBXGroup section */

/* Begin PBXNativeTarget section */
		C5C865B225F8CBF700757206 /* Mobilka */ = {
			isa = PBXNativeTarget;
			buildConfigurationList = C5C865DD25F8CBF700757206 /* Build configuration list for PBXNativeTarget "Mobilka" */;
			buildPhases = (
				C5C865AF25F8CBF700757206 /* Sources */,
				C5C865B025F8CBF700757206 /* Frameworks */,
				C5C865B125F8CBF700757206 /* Resources */,
			);
			buildRules = (
			);
			dependencies = (
			);
			name = Mobilka;
			productName = Mobilka;
			productReference = C5C865B325F8CBF700757206 /* Mobilka.app */;
			productType = "com.apple.product-type.application";
		};
		C5C865C825F8CBF700757206 /* MobilkaTests */ = {
			isa = PBXNativeTarget;
			buildConfigurationList = C5C865E025F8CBF700757206 /* Build configuration list for PBXNativeTarget "MobilkaTests" */;
			buildPhases = (
				C5C865C525F8CBF700757206 /* Sources */,
				C5C865C625F8CBF700757206 /* Frameworks */,
				C5C865C725F8CBF700757206 /* Resources */,
			);
			buildRules = (
			);
			dependencies = (
				C5C865CB25F8CBF700757206 /* PBXTargetDependency */,
			);
			name = MobilkaTests;
			productName = MobilkaTests;
			productReference = C5C865C925F8CBF700757206 /* MobilkaTests.xctest */;
			productType = "com.apple.product-type.bundle.unit-test";
		};
		C5C865D325F8CBF700757206 /* MobilkaUITests */ = {
			isa = PBXNativeTarget;
			buildConfigurationList = C5C865E325F8CBF700757206 /* Build configuration list for PBXNativeTarget "MobilkaUITests" */;
			buildPhases = (
				C5C865D025F8CBF700757206 /* Sources */,
				C5C865D125F8CBF700757206 /* Frameworks */,
				C5C865D225F8CBF700757206 /* Resources */,
			);
			buildRules = (
			);
			dependencies = (
				C5C865D625F8CBF700757206 /* PBXTargetDependency */,
			);
			name = MobilkaUITests;
			productName = MobilkaUITests;
			productReference = C5C865D425F8CBF700757206 /* MobilkaUITests.xctest */;
			productType = "com.apple.product-type.bundle.ui-testing";
		};
/* End PBXNativeTarget section */

/* Begin PBXProject section */
		C5C865AB25F8CBF700757206 /* Project object */ = {
			isa = PBXProject;
			attributes = {
				LastSwiftUpdateCheck = 1230;
				LastUpgradeCheck = 1230;
				TargetAttributes = {
					C5C865B225F8CBF700757206 = {
						CreatedOnToolsVersion = 12.3;
					};
					C5C865C825F8CBF700757206 = {
						CreatedOnToolsVersion = 12.3;
						TestTargetID = C5C865B225F8CBF700757206;
					};
					C5C865D325F8CBF700757206 = {
						CreatedOnToolsVersion = 12.3;
						TestTargetID = C5C865B225F8CBF700757206;
					};
				};
			};
			buildConfigurationList = C5C865AE25F8CBF700757206 /* Build configuration list for PBXProject "Mobilka" */;
			compatibilityVersion = "Xcode 9.3";
			developmentRegion = en;
			hasScannedForEncodings = 0;
			knownRegions = (
				en,
				Base,
			);
			mainGroup = C5C865AA25F8CBF700757206;
			productRefGroup = C5C865B425F8CBF700757206 /* Products */;
			projectDirPath = "";
			projectRoot = "";
			targets = (
				C5C865B225F8CBF700757206 /* Mobilka */,
				C5C865C825F8CBF700757206 /* MobilkaTests */,
				C5C865D325F8CBF700757206 /* MobilkaUITests */,
			);
		};
/* End PBXProject section */

/* Begin PBXResourcesBuildPhase section */
		C5C865B125F8CBF700757206 /* Resources */ = {
			isa = PBXResourcesBuildPhase;
			buildActionMask = 2147483647;
			files = (
				C5C865C325F8CBF700757206 /* LaunchScreen.storyboard in Resources */,
				C5C865C025F8CBF700757206 /* Assets.xcassets in Resources */,
				C5C865BE25F8CBF700757206 /* Main.storyboard in Resources */,
			);
			runOnlyForDeploymentPostprocessing = 0;
		};
		C5C865C725F8CBF700757206 /* Resources */ = {
			isa = PBXResourcesBuildPhase;
			buildActionMask = 2147483647;
			files = (
			);
			runOnlyForDeploymentPostprocessing = 0;
		};
		C5C865D225F8CBF700757206 /* Resources */ = {
			isa = PBXResourcesBuildPhase;
			buildActionMask = 2147483647;
			files = (
			);
			runOnlyForDeploymentPostprocessing = 0;
		};
/* End PBXResourcesBuildPhase section */

/* Begin PBXSourcesBuildPhase section */
		C5C865AF25F8CBF700757206 /* Sources */ = {
			isa = PBXSourcesBuildPhase;
			buildActionMask = 2147483647;
			files = (
				C5C865BB25F8CBF700757206 /* ViewController.swift in Sources */,
				C5C865B725F8CBF700757206 /* AppDelegate.swift in Sources */,
				C5C865B925F8CBF700757206 /* SceneDelegate.swift in Sources */,
			);
			runOnlyForDeploymentPostprocessing = 0;
		};
		C5C865C525F8CBF700757206 /* Sources */ = {
			isa = PBXSourcesBuildPhase;
			buildActionMask = 2147483647;
			files = (
				C5C865CE25F8CBF700757206 /* MobilkaTests.swift in Sources */,
			);
			runOnlyForDeploymentPostprocessing = 0;
		};
		C5C865D025F8CBF700757206 /* Sources */ = {
			isa = PBXSourcesBuildPhase;
			buildActionMask = 2147483647;
			files = (
				C5C865D925F8CBF700757206 /* MobilkaUITests.swift in Sources */,
			);
			runOnlyForDeploymentPostprocessing = 0;
		};
/* End PBXSourcesBuildPhase section */

/* Begin PBXTargetDependency section */
		C5C865CB25F8CBF700757206 /* PBXTargetDependency */ = {
			isa = PBXTargetDependency;
			target = C5C865B225F8CBF700757206 /* Mobilka */;
			targetProxy = C5C865CA25F8CBF700757206 /* PBXContainerItemProxy */;
		};
		C5C865D625F8CBF700757206 /* PBXTargetDependency */ = {
			isa = PBXTargetDependency;
			target = C5C865B225F8CBF700757206 /* Mobilka */;
			targetProxy = C5C865D525F8CBF700757206 /* PBXContainerItemProxy */;
		};
/* End PBXTargetDependency section */

/* Begin PBXVariantGroup section */
		C5C865BC25F8CBF700757206 /* Main.storyboard */ = {
			isa = PBXVariantGroup;
			children = (
				C5C865BD25F8CBF700757206 /* Base */,
			);
			name = Main.storyboard;
			sourceTree = "<group>";
		};
		C5C865C125F8CBF700757206 /* LaunchScreen.storyboard */ = {
			isa = PBXVariantGroup;
			children = (
				C5C865C225F8CBF700757206 /* Base */,
			);
			name = LaunchScreen.storyboard;
			sourceTree = "<group>";
		};
/* End PBXVariantGroup section */

/* Begin XCBuildConfiguration section */
		C5C865DB25F8CBF700757206 /* Debug */ = {
			isa = XCBuildConfiguration;
			buildSettings = {
				ALWAYS_SEARCH_USER_PATHS = NO;
				CLANG_ANALYZER_NONNULL = YES;
				CLANG_ANALYZER_NUMBER_OBJECT_CONVERSION = YES_AGGRESSIVE;
				CLANG_CXX_LANGUAGE_STANDARD = "gnu++14";
				CLANG_CXX_LIBRARY = "libc++";
				CLANG_ENABLE_MODULES = YES;
				CLANG_ENABLE_OBJC_ARC = YES;
				CLANG_ENABLE_OBJC_WEAK = YES;
				CLANG_WARN_BLOCK_CAPTURE_AUTORELEASING = YES;
				CLANG_WARN_BOOL_CONVERSION = YES;
				CLANG_WARN_COMMA = YES;
				CLANG_WARN_CONSTANT_CONVERSION = YES;
				CLANG_WARN_DEPRECATED_OBJC_IMPLEMENTATIONS = YES;
				CLANG_WARN_DIRECT_OBJC_ISA_USAGE = YES_ERROR;
				CLANG_WARN_DOCUMENTATION_COMMENTS = YES;
				CLANG_WARN_EMPTY_BODY = YES;
				CLANG_WARN_ENUM_CONVERSION = YES;
				CLANG_WARN_INFINITE_RECURSION = YES;
				CLANG_WARN_INT_CONVERSION = YES;
				CLANG_WARN_NON_LITERAL_NULL_CONVERSION = YES;
				CLANG_WARN_OBJC_IMPLICIT_RETAIN_SELF = YES;
				CLANG_WARN_OBJC_LITERAL_CONVERSION = YES;
				CLANG_WARN_OBJC_ROOT_CLASS = YES_ERROR;
				CLANG_WARN_QUOTED_INCLUDE_IN_FRAMEWORK_HEADER = YES;
				CLANG_WARN_RANGE_LOOP_ANALYSIS = YES;
				CLANG_WARN_STRICT_PROTOTYPES = YES;
				CLANG_WARN_SUSPICIOUS_MOVE = YES;
				CLANG_WARN_UNGUARDED_AVAILABILITY = YES_AGGRESSIVE;
				CLANG_WARN_UNREACHABLE_CODE = YES;
				CLANG_WARN__DUPLICATE_METHOD_MATCH = YES;
				COPY_PHASE_STRIP = NO;
				DEBUG_INFORMATION_FORMAT = dwarf;
				ENABLE_STRICT_OBJC_MSGSEND = YES;
				ENABLE_TESTABILITY = YES;
				GCC_C_LANGUAGE_STANDARD = gnu11;
				GCC_DYNAMIC_NO_PIC = NO;
				GCC_NO_COMMON_BLOCKS = YES;
				GCC_OPTIMIZATION_LEVEL = 0;
				GCC_PREPROCESSOR_DEFINITIONS = (
					"DEBUG=1",
					"$(inherited)",
				);
				GCC_WARN_64_TO_32_BIT_CONVERSION = YES;
				GCC_WARN_ABOUT_RETURN_TYPE = YES_ERROR;
				GCC_WARN_UNDECLARED_SELECTOR = YES;
				GCC_WARN_UNINITIALIZED_AUTOS = YES_AGGRESSIVE;
				GCC_WARN_UNUSED_FUNCTION = YES;
				GCC_WARN_UNUSED_VARIABLE = YES;
				IPHONEOS_DEPLOYMENT_TARGET = 14.3;
				MTL_ENABLE_DEBUG_INFO = INCLUDE_SOURCE;
				MTL_FAST_MATH = YES;
				ONLY_ACTIVE_ARCH = YES;
				SDKROOT = iphoneos;
				SWIFT_ACTIVE_COMPILATION_CONDITIONS = DEBUG;
				SWIFT_OPTIMIZATION_LEVEL = "-Onone";
			};
			name = Debug;
		};
		C5C865DC25F8CBF700757206 /* Release */ = {
			isa = XCBuildConfiguration;
			buildSettings = {
				ALWAYS_SEARCH_USER_PATHS = NO;
				CLANG_ANALYZER_NONNULL = YES;
				CLANG_ANALYZER_NUMBER_OBJECT_CONVERSION = YES_AGGRESSIVE;
				CLANG_CXX_LANGUAGE_STANDARD = "gnu++14";
				CLANG_CXX_LIBRARY = "libc++";
				CLANG_ENABLE_MODULES = YES;
				CLANG_ENABLE_OBJC_ARC = YES;
				CLANG_ENABLE_OBJC_WEAK = YES;
				CLANG_WARN_BLOCK_CAPTURE_AUTORELEASING = YES;
				CLANG_WARN_BOOL_CONVERSION = YES;
				CLANG_WARN_COMMA = YES;
				CLANG_WARN_CONSTANT_CONVERSION = YES;
				CLANG_WARN_DEPRECATED_OBJC_IMPLEMENTATIONS = YES;
				CLANG_WARN_DIRECT_OBJC_ISA_USAGE = YES_ERROR;
				CLANG_WARN_DOCUMENTATION_COMMENTS = YES;
				CLANG_WARN_EMPTY_BODY = YES;
				CLANG_WARN_ENUM_CONVERSION = YES;
				CLANG_WARN_INFINITE_RECURSION = YES;
				CLANG_WARN_INT_CONVERSION = YES;
				CLANG_WARN_NON_LITERAL_NULL_CONVERSION = YES;
				CLANG_WARN_OBJC_IMPLICIT_RETAIN_SELF = YES;
				CLANG_WARN_OBJC_LITERAL_CONVERSION = YES;
				CLANG_WARN_OBJC_ROOT_CLASS = YES_ERROR;
				CLANG_WARN_QUOTED_INCLUDE_IN_FRAMEWORK_HEADER = YES;
				CLANG_WARN_RANGE_LOOP_ANALYSIS = YES;
				CLANG_WARN_STRICT_PROTOTYPES = YES;
				CLANG_WARN_SUSPICIOUS_MOVE = YES;
				CLANG_WARN_UNGUARDED_AVAILABILITY = YES_AGGRESSIVE;
				CLANG_WARN_UNREACHABLE_CODE = YES;
				CLANG_WARN__DUPLICATE_METHOD_MATCH = YES;
				COPY_PHASE_STRIP = NO;
				DEBUG_INFORMATION_FORMAT = "dwarf-with-dsym";
				ENABLE_NS_ASSERTIONS = NO;
				ENABLE_STRICT_OBJC_MSGSEND = YES;
				GCC_C_LANGUAGE_STANDARD = gnu11;
				GCC_NO_COMMON_BLOCKS = YES;
				GCC_WARN_64_TO_32_BIT_CONVERSION = YES;
				GCC_WARN_ABOUT_RETURN_TYPE = YES_ERROR;
				GCC_WARN_UNDECLARED_SELECTOR = YES;
				GCC_WARN_UNINITIALIZED_AUTOS = YES_AGGRESSIVE;
				GCC_WARN_UNUSED_FUNCTION = YES;
				GCC_WARN_UNUSED_VARIABLE = YES;
				IPHONEOS_DEPLOYMENT_TARGET = 14.3;
				MTL_ENABLE_DEBUG_INFO = NO;
				MTL_FAST_MATH = YES;
				SDKROOT = iphoneos;
				SWIFT_COMPILATION_MODE = wholemodule;
				SWIFT_OPTIMIZATION_LEVEL = "-O";
				VALIDATE_PRODUCT = YES;
			};
			name = Release;
		};
		C5C865DE25F8CBF700757206 /* Debug */ = {
			isa = XCBuildConfiguration;
			buildSettings = {
				ASSETCATALOG_COMPILER_APPICON_NAME = AppIcon;
				ASSETCATALOG_COMPILER_GLOBAL_ACCENT_COLOR_NAME = AccentColor;
				CODE_SIGN_STYLE = Automatic;
				INFOPLIST_FILE = Mobilka/Info.plist;
				LD_RUNPATH_SEARCH_PATHS = (
					"$(inherited)",
					"@executable_path/Frameworks",
				);
				PRODUCT_BUNDLE_IDENTIFIER = a.Mobilka;
				PRODUCT_NAME = "$(TARGET_NAME)";
				SWIFT_VERSION = 5.0;
				TARGETED_DEVICE_FAMILY = "1,2";
			};
			name = Debug;
		};
		C5C865DF25F8CBF700757206 /* Release */ = {
			isa = XCBuildConfiguration;
			buildSettings = {
				ASSETCATALOG_COMPILER_APPICON_NAME = AppIcon;
				ASSETCATALOG_COMPILER_GLOBAL_ACCENT_COLOR_NAME = AccentColor;
				CODE_SIGN_STYLE = Automatic;
				INFOPLIST_FILE = Mobilka/Info.plist;
				LD_RUNPATH_SEARCH_PATHS = (
					"$(inherited)",
					"@executable_path/Frameworks",
				);
				PRODUCT_BUNDLE_IDENTIFIER = a.Mobilka;
				PRODUCT_NAME = "$(TARGET_NAME)";
				SWIFT_VERSION = 5.0;
				TARGETED_DEVICE_FAMILY = "1,2";
			};
			name = Release;
		};
		C5C865E125F8CBF700757206 /* Debug */ = {
			isa = XCBuildConfiguration;
			buildSettings = {
				ALWAYS_EMBED_SWIFT_STANDARD_LIBRARIES = YES;
				BUNDLE_LOADER = "$(TEST_HOST)";
				CODE_SIGN_STYLE = Automatic;
				INFOPLIST_FILE = MobilkaTests/Info.plist;
				IPHONEOS_DEPLOYMENT_TARGET = 14.3;
				LD_RUNPATH_SEARCH_PATHS = (
					"$(inherited)",
					"@executable_path/Frameworks",
					"@loader_path/Frameworks",
				);
				PRODUCT_BUNDLE_IDENTIFIER = a.MobilkaTests;
				PRODUCT_NAME = "$(TARGET_NAME)";
				SWIFT_VERSION = 5.0;
				TARGETED_DEVICE_FAMILY = "1,2";
				TEST_HOST = "$(BUILT_PRODUCTS_DIR)/Mobilka.app/Mobilka";
			};
			name = Debug;
		};
		C5C865E225F8CBF700757206 /* Release */ = {
			isa = XCBuildConfiguration;
			buildSettings = {
				ALWAYS_EMBED_SWIFT_STANDARD_LIBRARIES = YES;
				BUNDLE_LOADER = "$(TEST_HOST)";
				CODE_SIGN_STYLE = Automatic;
				INFOPLIST_FILE = MobilkaTests/Info.plist;
				IPHONEOS_DEPLOYMENT_TARGET = 14.3;
				LD_RUNPATH_SEARCH_PATHS = (
					"$(inherited)",
					"@executable_path/Frameworks",
					"@loader_path/Frameworks",
				);
				PRODUCT_BUNDLE_IDENTIFIER = a.MobilkaTests;
				PRODUCT_NAME = "$(TARGET_NAME)";
				SWIFT_VERSION = 5.0;
				TARGETED_DEVICE_FAMILY = "1,2";
				TEST_HOST = "$(BUILT_PRODUCTS_DIR)/Mobilka.app/Mobilka";
			};
			name = Release;
		};
		C5C865E425F8CBF700757206 /* Debug */ = {
			isa = XCBuildConfiguration;
			buildSettings = {
				ALWAYS_EMBED_SWIFT_STANDARD_LIBRARIES = YES;
				CODE_SIGN_STYLE = Automatic;
				INFOPLIST_FILE = MobilkaUITests/Info.plist;
				LD_RUNPATH_SEARCH_PATHS = (
					"$(inherited)",
					"@executable_path/Frameworks",
					"@loader_path/Frameworks",
				);
				PRODUCT_BUNDLE_IDENTIFIER = a.MobilkaUITests;
				PRODUCT_NAME = "$(TARGET_NAME)";
				SWIFT_VERSION = 5.0;
				TARGETED_DEVICE_FAMILY = "1,2";
				TEST_TARGET_NAME = Mobilka;
			};
			name = Debug;
		};
		C5C865E525F8CBF700757206 /* Release */ = {
			isa = XCBuildConfiguration;
			buildSettings = {
				ALWAYS_EMBED_SWIFT_STANDARD_LIBRARIES = YES;
				CODE_SIGN_STYLE = Automatic;
				INFOPLIST_FILE = MobilkaUITests/Info.plist;
				LD_RUNPATH_SEARCH_PATHS = (
					"$(inherited)",
					"@executable_path/Frameworks",
					"@loader_path/Frameworks",
				);
				PRODUCT_BUNDLE_IDENTIFIER = a.MobilkaUITests;
				PRODUCT_NAME = "$(TARGET_NAME)";
				SWIFT_VERSION = 5.0;
				TARGETED_DEVICE_FAMILY = "1,2";
				TEST_TARGET_NAME = Mobilka;
			};
			name = Release;
		};
/* End XCBuildConfiguration section */

/* Begin XCConfigurationList section */
		C5C865AE25F8CBF700757206 /* Build configuration list for PBXProject "Mobilka" */ = {
			isa = XCConfigurationList;
			buildConfigurations = (
				C5C865DB25F8CBF700757206 /* Debug */,
				C5C865DC25F8CBF700757206 /* Release */,
			);
			defaultConfigurationIsVisible = 0;
			defaultConfigurationName = Release;
		};
		C5C865DD25F8CBF700757206 /* Build configuration list for PBXNativeTarget "Mobilka" */ = {
			isa = XCConfigurationList;
			buildConfigurations = (
				C5C865DE25F8CBF700757206 /* Debug */,
				C5C865DF25F8CBF700757206 /* Release */,
			);
			defaultConfigurationIsVisible = 0;
			defaultConfigurationName = Release;
		};
		C5C865E025F8CBF700757206 /* Build configuration list for PBXNativeTarget "MobilkaTests" */ = {
			isa = XCConfigurationList;
			buildConfigurations = (
				C5C865E125F8CBF700757206 /* Debug */,
				C5C865E225F8CBF700757206 /* Release */,
			);
			defaultConfigurationIsVisible = 0;
			defaultConfigurationName = Release;
		};
		C5C865E325F8CBF700757206 /* Build configuration list for PBXNativeTarget "MobilkaUITests" */ = {
			isa = XCConfigurationList;
			buildConfigurations = (
				C5C865E425F8CBF700757206 /* Debug */,
				C5C865E525F8CBF700757206 /* Release */,
			);
			defaultConfigurationIsVisible = 0;
			defaultConfigurationName = Release;
		};
/* End XCConfigurationList section */
	};
	rootObject = C5C865AB25F8CBF700757206 /* Project object */;
}
